
Microsoft Visual Studio Solution File, Format Version 10.00
# Visual Studio 2008
Project("{FAE04EC0-301F-11D3-BF4B-00C04F79EFBC}") = "Toolbox", "Toolbox\Toolbox.csproj", "{580774A2-84ED-4F75-9BB0-C5D15B75FAFE}"
EndProject
Project("{FAE04EC0-301F-11D3-BF4B-00C04F79EFBC}") = "ToolboxTest", "ToolboxTest\ToolboxTest.csproj", "{7AE79B35-89D7-4BFB-B198-FB27CFDFD1F2}"
EndProject
Project("{2150E333-8FDC-42A3-9474-1A3956D46DE8}") = "Solution Items", "Solution Items", "{7231EAC6-A523-4317-BE4E-444537CA855A}"
	ProjectSection(SolutionItems) = preProject
		LocalTestRun.testrunconfig = LocalTestRun.testrunconfig
		Toolbox.vsmdi = Toolbox.vsmdi
	EndProjectSection
EndProject
Global
	GlobalSection(TestCaseManagementSettings) = postSolution
		CategoryFile = Toolbox.vsmdi
	EndGlobalSection
	GlobalSection(SolutionConfigurationPlatforms) = preSolution
		Debug|Any CPU = Debug|Any CPU
		Release|Any CPU = Release|Any CPU
	EndGlobalSection
	GlobalSection(ProjectConfigurationPlatforms) = postSolution
		{580774A2-84ED-4F75-9BB0-C5D15B75FAFE}.Debug|Any CPU.ActiveCfg = Debug|Any CPU
		{580774A2-84ED-4F75-9BB0-C5D15B75FAFE}.Debug|Any CPU.Build.0 = Debug|Any CPU
		{580774A2-84ED-4F75-9BB0-C5D15B75FAFE}.Release|Any CPU.ActiveCfg = Release|Any CPU
		{580774A2-84ED-4F75-9BB0-C5D15B75FAFE}.Release|Any CPU.Build.0 = Release|Any CPU
		{7AE79B35-89D7-4BFB-B198-FB27CFDFD1F2}.Debug|Any CPU.ActiveCfg = Debug|Any CPU
		{7AE79B35-89D7-4BFB-B198-FB27CFDFD1F2}.Debug|Any CPU.Build.0 = Debug|Any CPU
		{7AE79B35-89D7-4BFB-B198-FB27CFDFD1F2}.Release|Any CPU.ActiveCfg = Release|Any CPU
		{7AE79B35-89D7-4BFB-B198-FB27CFDFD1F2}.Release|Any CPU.Build.0 = Release|Any CPU
	EndGlobalSection
	GlobalSection(SolutionProperties) = preSolution
		HideSolutionNode = FALSE
	EndGlobalSection
	GlobalSection(ExtensibilityGlobals) = postSolution
		VisualSVNWorkingCopyRoot = 
	EndGlobalSection
EndGlobal
